# THIS IS AN AUTOGENERATED FILE. DO NOT EDIT THIS FILE DIRECTLY.
# yarn lockfile v1


"@polymer/iron-media-query@^3.0.0-pre.12":
  version "3.0.0-pre.12"
  resolved "https://registry.yarnpkg.com/@polymer/iron-media-query/-/iron-media-query-3.0.0-pre.12.tgz#b24ad27df566d6990798f5465a7bade40ee197d5"
  dependencies:
    "@polymer/polymer" "3.0.0-pre.12"

"@polymer/iron-pages@^3.0.0-pre.12":
  version "3.0.0-pre.12"
  resolved "https://registry.yarnpkg.com/@polymer/iron-pages/-/iron-pages-3.0.0-pre.12.tgz#3a1c6d462411dbfcd268c6f6544e836379a151b6"
  dependencies:
    "@polymer/iron-resizable-behavior" "3.0.0-pre.12"
    "@polymer/iron-selector" "3.0.0-pre.12"
    "@polymer/polymer" "3.0.0-pre.12"

"@polymer/iron-resizable-behavior@3.0.0-pre.12":
  version "3.0.0-pre.12"
  resolved "https://registry.yarnpkg.com/@polymer/iron-resizable-behavior/-/iron-resizable-behavior-3.0.0-pre.12.tgz#22d468736073c7a65552000bc607ef7507328380"
  dependencies:
    "@polymer/polymer" "3.0.0-pre.12"

"@polymer/iron-selector@3.0.0-pre.12":
  version "3.0.0-pre.12"
  resolved "https://registry.yarnpkg.com/@polymer/iron-selector/-/iron-selector-3.0.0-pre.12.tgz#0205c620b999f6e790db10200ccfdfd02916a78c"
  dependencies:
    "@polymer/polymer" "3.0.0-pre.12"

"@polymer/polymer@3.0.0-pre.12", "@polymer/polymer@^3.0.0-pre.12":
  version "3.0.0-pre.12"
  resolved "https://registry.yarnpkg.com/@polymer/polymer/-/polymer-3.0.0-pre.12.tgz#3f5dd19099a194bf1066cf417ae13c335bd63b04"
  dependencies:
    "@webcomponents/shadycss" "^1.0.0"
    "@webcomponents/webcomponentsjs" "^1.0.0"

"@ucd-lib/cork-app-utils@^2.0.5":
  version "2.0.5"
  resolved "https://registry.yarnpkg.com/@ucd-lib/cork-app-utils/-/cork-app-utils-2.0.5.tgz#6bda51bbac0a9b79eec539a6ed4a579640185f0d"
  dependencies:
    fs-extra "^4.0.2"
    isomorphic-fetch "^2.2.1"

"@ucd-lib/ucd-library-search@UCDavisLibrary/ucd-library-search#pv3":
  version "1.0.0"
  resolved "https://codeload.github.com/UCDavisLibrary/ucd-library-search/tar.gz/3bca07d0bd2b88bd45b43028ba98992e079e4b7b"
  dependencies:
    "@polymer/iron-media-query" "^3.0.0-pre.12"
    "@polymer/iron-pages" "^3.0.0-pre.12"
    "@polymer/polymer" "^3.0.0-pre.12"
    "@ucd-lib/cork-app-utils" "^2.0.5"

"@webcomponents/shadycss@^1.0.0":
  version "1.1.2"
  resolved "https://registry.yarnpkg.com/@webcomponents/shadycss/-/shadycss-1.1.2.tgz#947e9306eb2e084a4a3a4fd738aced00721bce92"

"@webcomponents/webcomponentsjs@^1.0.0":
  version "1.1.1"
  resolved "https://registry.yarnpkg.com/@webcomponents/webcomponentsjs/-/webcomponentsjs-1.1.1.tgz#50caffdf8a901e5357532b7d85e776637a56446a"

encoding@^0.1.11:
  version "0.1.12"
  resolved "https://registry.yarnpkg.com/encoding/-/encoding-0.1.12.tgz#538b66f3ee62cd1ab51ec323829d1f9480c74beb"
  dependencies:
    iconv-lite "~0.4.13"

fs-extra@^4.0.2:
  version "4.0.3"
  resolved "https://registry.yarnpkg.com/fs-extra/-/fs-extra-4.0.3.tgz#0d852122e5bc5beb453fb028e9c0c9bf36340c94"
  dependencies:
    graceful-fs "^4.1.2"
    jsonfile "^4.0.0"
    universalify "^0.1.0"

graceful-fs@^4.1.2, graceful-fs@^4.1.6:
  version "4.1.11"
  resolved "https://registry.yarnpkg.com/graceful-fs/-/graceful-fs-4.1.11.tgz#0e8bdfe4d1ddb8854d64e04ea7c00e2a026e5658"

iconv-lite@~0.4.13:
  version "0.4.19"
  resolved "https://registry.yarnpkg.com/iconv-lite/-/iconv-lite-0.4.19.tgz#f7468f60135f5e5dad3399c0a81be9a1603a082b"

is-stream@^1.0.1:
  version "1.1.0"
  resolved "https://registry.yarnpkg.com/is-stream/-/is-stream-1.1.0.tgz#12d4a3dd4e68e0b79ceb8dbc84173ae80d91ca44"

isomorphic-fetch@^2.2.1:
  version "2.2.1"
  resolved "https://registry.yarnpkg.com/isomorphic-fetch/-/isomorphic-fetch-2.2.1.tgz#611ae1acf14f5e81f729507472819fe9733558a9"
  dependencies:
    node-fetch "^1.0.1"
    whatwg-fetch ">=0.10.0"

jsonfile@^4.0.0:
  version "4.0.0"
  resolved "https://registry.yarnpkg.com/jsonfile/-/jsonfile-4.0.0.tgz#8771aae0799b64076b76640fca058f9c10e33ecb"
  optionalDependencies:
    graceful-fs "^4.1.6"

node-fetch@^1.0.1:
  version "1.7.3"
  resolved "https://registry.yarnpkg.com/node-fetch/-/node-fetch-1.7.3.tgz#980f6f72d85211a5347c6b2bc18c5b84c3eb47ef"
  dependencies:
    encoding "^0.1.11"
    is-stream "^1.0.1"

universalify@^0.1.0:
  version "0.1.1"
  resolved "https://registry.yarnpkg.com/universalify/-/universalify-0.1.1.tgz#fa71badd4437af4c148841e3b3b165f9e9e590b7"

whatwg-fetch@>=0.10.0:
  version "2.0.3"
  resolved "https://registry.yarnpkg.com/whatwg-fetch/-/whatwg-fetch-2.0.3.tgz#9c84ec2dcf68187ff00bc64e1274b442176e1c84"
